
Microsoft Visual Studio Solution File, Format Version 12.00
# Visual Studio Version 16
VisualStudioVersion = 16.0.31702.278
MinimumVisualStudioVersion = 10.0.40219.1
Project("{9A19103F-16F7-4668-BE54-9A1E7A4F7556}") = "ST4GR3_InfusionControlApplication", "ST4GR3_InfusionControlApplication\ST4GR3_InfusionControlApplication.csproj", "{87B267F4-C660-4928-9922-EEDBD1A8FA98}"
	ProjectSection(ProjectDependencies) = postProject
		{D2A12BD9-25B9-46C6-971D-78AC2336EE1D} = {D2A12BD9-25B9-46C6-971D-78AC2336EE1D}
	EndProjectSection
EndProject
Project("{9A19103F-16F7-4668-BE54-9A1E7A4F7556}") = "ST4GR3_test_ICA", "ST4GR3_test_ICA\ST4GR3_test_ICA.csproj", "{AF96ED36-DCE2-4376-A857-3E3480998E0B}"
EndProject
Project("{9A19103F-16F7-4668-BE54-9A1E7A4F7556}") = "ICA_Model", "ICA_BusinessLogicLayer\ICA_Model.csproj", "{624054C0-66B6-482D-9E32-4BB8C637A612}"
EndProject
Project("{9A19103F-16F7-4668-BE54-9A1E7A4F7556}") = "ICA_DataAccessLayer", "ICA_DataAccessLayer\ICA_DataAccessLayer.csproj", "{48B8A122-018E-4E1E-92C2-CFEF20542209}"
EndProject
Project("{FAE04EC0-301F-11D3-BF4B-00C04F79EFBC}") = "DTO_Library", "DTO_Library\DTO_Library.csproj", "{D2A12BD9-25B9-46C6-971D-78AC2336EE1D}"
EndProject
Global
	GlobalSection(SolutionConfigurationPlatforms) = preSolution
		Debug|Any CPU = Debug|Any CPU
		Release|Any CPU = Release|Any CPU
	EndGlobalSection
	GlobalSection(ProjectConfigurationPlatforms) = postSolution
		{87B267F4-C660-4928-9922-EEDBD1A8FA98}.Debug|Any CPU.ActiveCfg = Debug|Any CPU
		{87B267F4-C660-4928-9922-EEDBD1A8FA98}.Debug|Any CPU.Build.0 = Debug|Any CPU
		{87B267F4-C660-4928-9922-EEDBD1A8FA98}.Release|Any CPU.ActiveCfg = Release|Any CPU
		{87B267F4-C660-4928-9922-EEDBD1A8FA98}.Release|Any CPU.Build.0 = Release|Any CPU
		{AF96ED36-DCE2-4376-A857-3E3480998E0B}.Debug|Any CPU.ActiveCfg = Debug|Any CPU
		{AF96ED36-DCE2-4376-A857-3E3480998E0B}.Debug|Any CPU.Build.0 = Debug|Any CPU
		{AF96ED36-DCE2-4376-A857-3E3480998E0B}.Release|Any CPU.ActiveCfg = Release|Any CPU
		{AF96ED36-DCE2-4376-A857-3E3480998E0B}.Release|Any CPU.Build.0 = Release|Any CPU
		{624054C0-66B6-482D-9E32-4BB8C637A612}.Debug|Any CPU.ActiveCfg = Debug|Any CPU
		{624054C0-66B6-482D-9E32-4BB8C637A612}.Debug|Any CPU.Build.0 = Debug|Any CPU
		{624054C0-66B6-482D-9E32-4BB8C637A612}.Release|Any CPU.ActiveCfg = Release|Any CPU
		{624054C0-66B6-482D-9E32-4BB8C637A612}.Release|Any CPU.Build.0 = Release|Any CPU
		{48B8A122-018E-4E1E-92C2-CFEF20542209}.Debug|Any CPU.ActiveCfg = Debug|Any CPU
		{48B8A122-018E-4E1E-92C2-CFEF20542209}.Debug|Any CPU.Build.0 = Debug|Any CPU
		{48B8A122-018E-4E1E-92C2-CFEF20542209}.Release|Any CPU.ActiveCfg = Release|Any CPU
		{48B8A122-018E-4E1E-92C2-CFEF20542209}.Release|Any CPU.Build.0 = Release|Any CPU
		{D2A12BD9-25B9-46C6-971D-78AC2336EE1D}.Debug|Any CPU.ActiveCfg = Debug|Any CPU
		{D2A12BD9-25B9-46C6-971D-78AC2336EE1D}.Debug|Any CPU.Build.0 = Debug|Any CPU
		{D2A12BD9-25B9-46C6-971D-78AC2336EE1D}.Release|Any CPU.ActiveCfg = Release|Any CPU
		{D2A12BD9-25B9-46C6-971D-78AC2336EE1D}.Release|Any CPU.Build.0 = Release|Any CPU
	EndGlobalSection
	GlobalSection(SolutionProperties) = preSolution
		HideSolutionNode = FALSE
	EndGlobalSection
	GlobalSection(ExtensibilityGlobals) = postSolution
		SolutionGuid = {DD456FF9-2DE7-497D-83DB-79B7A2A035A2}
	EndGlobalSection
EndGlobal
